// !$*UTF8*$!
{
	archiveVersion = 1;
	classes = {
	};
	objectVersion = 46;
	objects = {

/* Begin PBXBuildFile section */
		6920AF8B1D4061A7007D8FEE /* CollectionViewController.swift in Sources */ = {isa = PBXBuildFile; fileRef = 6920AF8A1D4061A7007D8FEE /* CollectionViewController.swift */; };
		6920AF921D40675D007D8FEE /* Model.xcdatamodeld in Sources */ = {isa = PBXBuildFile; fileRef = 6920AF901D40675D007D8FEE /* Model.xcdatamodeld */; };
		6920AF941D406C0C007D8FEE /* CoreDataStack.swift in Sources */ = {isa = PBXBuildFile; fileRef = 6920AF931D406C0C007D8FEE /* CoreDataStack.swift */; };
		6920AF961D406D51007D8FEE /* FlickrConstants.swift in Sources */ = {isa = PBXBuildFile; fileRef = 6920AF951D406D51007D8FEE /* FlickrConstants.swift */; };
		6920AF981D406D64007D8FEE /* FlickrClient.swift in Sources */ = {isa = PBXBuildFile; fileRef = 6920AF971D406D64007D8FEE /* FlickrClient.swift */; };
		6920AF9A1D40779B007D8FEE /* GCDBlackBox.swift in Sources */ = {isa = PBXBuildFile; fileRef = 6920AF991D40779B007D8FEE /* GCDBlackBox.swift */; };
		6948757F1D34803000F7A914 /* AppDelegate.swift in Sources */ = {isa = PBXBuildFile; fileRef = 6948757E1D34803000F7A914 /* AppDelegate.swift */; };
		694875811D34803000F7A914 /* MapViewController.swift in Sources */ = {isa = PBXBuildFile; fileRef = 694875801D34803000F7A914 /* MapViewController.swift */; };
		694875841D34803000F7A914 /* Main.storyboard in Resources */ = {isa = PBXBuildFile; fileRef = 694875821D34803000F7A914 /* Main.storyboard */; };
		694875861D34803000F7A914 /* Assets.xcassets in Resources */ = {isa = PBXBuildFile; fileRef = 694875851D34803000F7A914 /* Assets.xcassets */; };
		694875891D34803000F7A914 /* LaunchScreen.storyboard in Resources */ = {isa = PBXBuildFile; fileRef = 694875871D34803000F7A914 /* LaunchScreen.storyboard */; };
		694875941D34803000F7A914 /* VirtualTouristTests.swift in Sources */ = {isa = PBXBuildFile; fileRef = 694875931D34803000F7A914 /* VirtualTouristTests.swift */; };
		6948759F1D34803000F7A914 /* VirtualTouristUITests.swift in Sources */ = {isa = PBXBuildFile; fileRef = 6948759E1D34803000F7A914 /* VirtualTouristUITests.swift */; };
		69DF90C21D44582B00CF2E25 /* Photo+CoreDataProperties.swift in Sources */ = {isa = PBXBuildFile; fileRef = 69DF90BE1D44582B00CF2E25 /* Photo+CoreDataProperties.swift */; };
		69DF90C31D44582B00CF2E25 /* Photo.swift in Sources */ = {isa = PBXBuildFile; fileRef = 69DF90BF1D44582B00CF2E25 /* Photo.swift */; };
		69DF90C41D44582B00CF2E25 /* Pin+CoreDataProperties.swift in Sources */ = {isa = PBXBuildFile; fileRef = 69DF90C01D44582B00CF2E25 /* Pin+CoreDataProperties.swift */; };
		69DF90C51D44582B00CF2E25 /* Pin.swift in Sources */ = {isa = PBXBuildFile; fileRef = 69DF90C11D44582B00CF2E25 /* Pin.swift */; };
/* End PBXBuildFile section */

/* Begin PBXContainerItemProxy section */
		694875901D34803000F7A914 /* PBXContainerItemProxy */ = {
			isa = PBXContainerItemProxy;
			containerPortal = 694875731D34802E00F7A914 /* Project object */;
			proxyType = 1;
			remoteGlobalIDString = 6948757A1D34802F00F7A914;
			remoteInfo = VirtualTourist;
		};
		6948759B1D34803000F7A914 /* PBXContainerItemProxy */ = {
			isa = PBXContainerItemProxy;
			containerPortal = 694875731D34802E00F7A914 /* Project object */;
			proxyType = 1;
			remoteGlobalIDString = 6948757A1D34802F00F7A914;
			remoteInfo = VirtualTourist;
		};
/* End PBXContainerItemProxy section */

/* Begin PBXFileReference section */
		6920AF8A1D4061A7007D8FEE /* CollectionViewController.swift */ = {isa = PBXFileReference; fileEncoding = 4; lastKnownFileType = sourcecode.swift; path = CollectionViewController.swift; sourceTree = "<group>"; };
		6920AF911D40675D007D8FEE /* Model.xcdatamodel */ = {isa = PBXFileReference; lastKnownFileType = wrapper.xcdatamodel; path = Model.xcdatamodel; sourceTree = "<group>"; };
		6920AF931D406C0C007D8FEE /* CoreDataStack.swift */ = {isa = PBXFileReference; fileEncoding = 4; lastKnownFileType = sourcecode.swift; path = CoreDataStack.swift; sourceTree = "<group>"; };
		6920AF951D406D51007D8FEE /* FlickrConstants.swift */ = {isa = PBXFileReference; fileEncoding = 4; lastKnownFileType = sourcecode.swift; path = FlickrConstants.swift; sourceTree = "<group>"; };
		6920AF971D406D64007D8FEE /* FlickrClient.swift */ = {isa = PBXFileReference; fileEncoding = 4; lastKnownFileType = sourcecode.swift; path = FlickrClient.swift; sourceTree = "<group>"; };
		6920AF991D40779B007D8FEE /* GCDBlackBox.swift */ = {isa = PBXFileReference; fileEncoding = 4; lastKnownFileType = sourcecode.swift; path = GCDBlackBox.swift; sourceTree = "<group>"; };
		6948757B1D34802F00F7A914 /* VirtualTourist.app */ = {isa = PBXFileReference; explicitFileType = wrapper.application; includeInIndex = 0; path = VirtualTourist.app; sourceTree = BUILT_PRODUCTS_DIR; };
		6948757E1D34803000F7A914 /* AppDelegate.swift */ = {isa = PBXFileReference; lastKnownFileType = sourcecode.swift; path = AppDelegate.swift; sourceTree = "<group>"; };
		694875801D34803000F7A914 /* MapViewController.swift */ = {isa = PBXFileReference; lastKnownFileType = sourcecode.swift; path = MapViewController.swift; sourceTree = "<group>"; };
		694875831D34803000F7A914 /* Base */ = {isa = PBXFileReference; lastKnownFileType = file.storyboard; name = Base; path = Base.lproj/Main.storyboard; sourceTree = "<group>"; };
		694875851D34803000F7A914 /* Assets.xcassets */ = {isa = PBXFileReference; lastKnownFileType = folder.assetcatalog; path = Assets.xcassets; sourceTree = "<group>"; };
		694875881D34803000F7A914 /* Base */ = {isa = PBXFileReference; lastKnownFileType = file.storyboard; name = Base; path = Base.lproj/LaunchScreen.storyboard; sourceTree = "<group>"; };
		6948758A1D34803000F7A914 /* Info.plist */ = {isa = PBXFileReference; lastKnownFileType = text.plist.xml; path = Info.plist; sourceTree = "<group>"; };
		6948758F1D34803000F7A914 /* VirtualTouristTests.xctest */ = {isa = PBXFileReference; explicitFileType = wrapper.cfbundle; includeInIndex = 0; path = VirtualTouristTests.xctest; sourceTree = BUILT_PRODUCTS_DIR; };
		694875931D34803000F7A914 /* VirtualTouristTests.swift */ = {isa = PBXFileReference; lastKnownFileType = sourcecode.swift; path = VirtualTouristTests.swift; sourceTree = "<group>"; };
		694875951D34803000F7A914 /* Info.plist */ = {isa = PBXFileReference; lastKnownFileType = text.plist.xml; path = Info.plist; sourceTree = "<group>"; };
		6948759A1D34803000F7A914 /* VirtualTouristUITests.xctest */ = {isa = PBXFileReference; explicitFileType = wrapper.cfbundle; includeInIndex = 0; path = VirtualTouristUITests.xctest; sourceTree = BUILT_PRODUCTS_DIR; };
		6948759E1D34803000F7A914 /* VirtualTouristUITests.swift */ = {isa = PBXFileReference; lastKnownFileType = sourcecode.swift; path = VirtualTouristUITests.swift; sourceTree = "<group>"; };
		694875A01D34803000F7A914 /* Info.plist */ = {isa = PBXFileReference; lastKnownFileType = text.plist.xml; path = Info.plist; sourceTree = "<group>"; };
		69DF90BE1D44582B00CF2E25 /* Photo+CoreDataProperties.swift */ = {isa = PBXFileReference; fileEncoding = 4; lastKnownFileType = sourcecode.swift; name = "Photo+CoreDataProperties.swift"; path = "../Photo+CoreDataProperties.swift"; sourceTree = "<group>"; };
		69DF90BF1D44582B00CF2E25 /* Photo.swift */ = {isa = PBXFileReference; fileEncoding = 4; lastKnownFileType = sourcecode.swift; name = Photo.swift; path = ../Photo.swift; sourceTree = "<group>"; };
		69DF90C01D44582B00CF2E25 /* Pin+CoreDataProperties.swift */ = {isa = PBXFileReference; fileEncoding = 4; lastKnownFileType = sourcecode.swift; name = "Pin+CoreDataProperties.swift"; path = "../Pin+CoreDataProperties.swift"; sourceTree = "<group>"; };
		69DF90C11D44582B00CF2E25 /* Pin.swift */ = {isa = PBXFileReference; fileEncoding = 4; lastKnownFileType = sourcecode.swift; name = Pin.swift; path = ../Pin.swift; sourceTree = "<group>"; };
/* End PBXFileReference section */

/* Begin PBXFrameworksBuildPhase section */
		694875781D34802F00F7A914 /* Frameworks */ = {
			isa = PBXFrameworksBuildPhase;
			buildActionMask = 2147483647;
			files = (
			);
			runOnlyForDeploymentPostprocessing = 0;
		};
		6948758C1D34803000F7A914 /* Frameworks */ = {
			isa = PBXFrameworksBuildPhase;
			buildActionMask = 2147483647;
			files = (
			);
			runOnlyForDeploymentPostprocessing = 0;
		};
		694875971D34803000F7A914 /* Frameworks */ = {
			isa = PBXFrameworksBuildPhase;
			buildActionMask = 2147483647;
			files = (
			);
			runOnlyForDeploymentPostprocessing = 0;
		};
/* End PBXFrameworksBuildPhase section */

/* Begin PBXGroup section */
		6920AF8C1D4066D8007D8FEE /* SupportingFiles */ = {
			isa = PBXGroup;
			children = (
				6948757E1D34803000F7A914 /* AppDelegate.swift */,
				694875851D34803000F7A914 /* Assets.xcassets */,
				694875871D34803000F7A914 /* LaunchScreen.storyboard */,
				6948758A1D34803000F7A914 /* Info.plist */,
				6920AF991D40779B007D8FEE /* GCDBlackBox.swift */,
			);
			name = SupportingFiles;
			sourceTree = "<group>";
		};
		6920AF8D1D4066E9007D8FEE /* Controller */ = {
			isa = PBXGroup;
			children = (
				694875801D34803000F7A914 /* MapViewController.swift */,
				6920AF8A1D4061A7007D8FEE /* CollectionViewController.swift */,
			);
			name = Controller;
			sourceTree = "<group>";
		};
		6920AF8E1D4066FE007D8FEE /* Model */ = {
			isa = PBXGroup;
			children = (
				69DF90BE1D44582B00CF2E25 /* Photo+CoreDataProperties.swift */,
				69DF90BF1D44582B00CF2E25 /* Photo.swift */,
				69DF90C01D44582B00CF2E25 /* Pin+CoreDataProperties.swift */,
				69DF90C11D44582B00CF2E25 /* Pin.swift */,
				6920AF901D40675D007D8FEE /* Model.xcdatamodeld */,
				6920AF931D406C0C007D8FEE /* CoreDataStack.swift */,
				6920AF951D406D51007D8FEE /* FlickrConstants.swift */,
				6920AF971D406D64007D8FEE /* FlickrClient.swift */,
			);
			name = Model;
			sourceTree = "<group>";
		};
		6920AF8F1D406710007D8FEE /* View */ = {
			isa = PBXGroup;
			children = (
				694875821D34803000F7A914 /* Main.storyboard */,
			);
			name = View;
			sourceTree = "<group>";
		};
		694875721D34802E00F7A914 = {
			isa = PBXGroup;
			children = (
				6948757D1D34802F00F7A914 /* VirtualTourist */,
				694875921D34803000F7A914 /* VirtualTouristTests */,
				6948759D1D34803000F7A914 /* VirtualTouristUITests */,
				6948757C1D34802F00F7A914 /* Products */,
			);
			sourceTree = "<group>";
		};
		6948757C1D34802F00F7A914 /* Products */ = {
			isa = PBXGroup;
			children = (
				6948757B1D34802F00F7A914 /* VirtualTourist.app */,
				6948758F1D34803000F7A914 /* VirtualTouristTests.xctest */,
				6948759A1D34803000F7A914 /* VirtualTouristUITests.xctest */,
			);
			name = Products;
			sourceTree = "<group>";
		};
		6948757D1D34802F00F7A914 /* VirtualTourist */ = {
			isa = PBXGroup;
			children = (
				6920AF8E1D4066FE007D8FEE /* Model */,
				6920AF8D1D4066E9007D8FEE /* Controller */,
				6920AF8F1D406710007D8FEE /* View */,
				6920AF8C1D4066D8007D8FEE /* SupportingFiles */,
			);
			path = VirtualTourist;
			sourceTree = "<group>";
		};
		694875921D34803000F7A914 /* VirtualTouristTests */ = {
			isa = PBXGroup;
			children = (
				694875931D34803000F7A914 /* VirtualTouristTests.swift */,
				694875951D34803000F7A914 /* Info.plist */,
			);
			path = VirtualTouristTests;
			sourceTree = "<group>";
		};
		6948759D1D34803000F7A914 /* VirtualTouristUITests */ = {
			isa = PBXGroup;
			children = (
				6948759E1D34803000F7A914 /* VirtualTouristUITests.swift */,
				694875A01D34803000F7A914 /* Info.plist */,
			);
			path = VirtualTouristUITests;
			sourceTree = "<group>";
		};
/* End PBXGroup section */

/* Begin PBXNativeTarget section */
		6948757A1D34802F00F7A914 /* VirtualTourist */ = {
			isa = PBXNativeTarget;
			buildConfigurationList = 694875A31D34803000F7A914 /* Build configuration list for PBXNativeTarget "VirtualTourist" */;
			buildPhases = (
				694875771D34802F00F7A914 /* Sources */,
				694875781D34802F00F7A914 /* Frameworks */,
				694875791D34802F00F7A914 /* Resources */,
			);
			buildRules = (
			);
			dependencies = (
			);
			name = VirtualTourist;
			productName = VirtualTourist;
			productReference = 6948757B1D34802F00F7A914 /* VirtualTourist.app */;
			productType = "com.apple.product-type.application";
		};
		6948758E1D34803000F7A914 /* VirtualTouristTests */ = {
			isa = PBXNativeTarget;
			buildConfigurationList = 694875A61D34803000F7A914 /* Build configuration list for PBXNativeTarget "VirtualTouristTests" */;
			buildPhases = (
				6948758B1D34803000F7A914 /* Sources */,
				6948758C1D34803000F7A914 /* Frameworks */,
				6948758D1D34803000F7A914 /* Resources */,
			);
			buildRules = (
			);
			dependencies = (
				694875911D34803000F7A914 /* PBXTargetDependency */,
			);
			name = VirtualTouristTests;
			productName = VirtualTouristTests;
			productReference = 6948758F1D34803000F7A914 /* VirtualTouristTests.xctest */;
			productType = "com.apple.product-type.bundle.unit-test";
		};
		694875991D34803000F7A914 /* VirtualTouristUITests */ = {
			isa = PBXNativeTarget;
			buildConfigurationList = 694875A91D34803000F7A914 /* Build configuration list for PBXNativeTarget "VirtualTouristUITests" */;
			buildPhases = (
				694875961D34803000F7A914 /* Sources */,
				694875971D34803000F7A914 /* Frameworks */,
				694875981D34803000F7A914 /* Resources */,
			);
			buildRules = (
			);
			dependencies = (
				6948759C1D34803000F7A914 /* PBXTargetDependency */,
			);
			name = VirtualTouristUITests;
			productName = VirtualTouristUITests;
			productReference = 6948759A1D34803000F7A914 /* VirtualTouristUITests.xctest */;
			productType = "com.apple.product-type.bundle.ui-testing";
		};
/* End PBXNativeTarget section */

/* Begin PBXProject section */
		694875731D34802E00F7A914 /* Project object */ = {
			isa = PBXProject;
			attributes = {
				LastSwiftUpdateCheck = 0730;
				LastUpgradeCheck = 0730;
				ORGANIZATIONNAME = "Damonique Thomas";
				TargetAttributes = {
					6948757A1D34802F00F7A914 = {
						CreatedOnToolsVersion = 7.3.1;
					};
					6948758E1D34803000F7A914 = {
						CreatedOnToolsVersion = 7.3.1;
						TestTargetID = 6948757A1D34802F00F7A914;
					};
					694875991D34803000F7A914 = {
						CreatedOnToolsVersion = 7.3.1;
						TestTargetID = 6948757A1D34802F00F7A914;
					};
				};
			};
			buildConfigurationList = 694875761D34802F00F7A914 /* Build configuration list for PBXProject "VirtualTourist" */;
			compatibilityVersion = "Xcode 3.2";
			developmentRegion = English;
			hasScannedForEncodings = 0;
			knownRegions = (
				en,
				Base,
			);
			mainGroup = 694875721D34802E00F7A914;
			productRefGroup = 6948757C1D34802F00F7A914 /* Products */;
			projectDirPath = "";
			projectRoot = "";
			targets = (
				6948757A1D34802F00F7A914 /* VirtualTourist */,
				6948758E1D34803000F7A914 /* VirtualTouristTests */,
				694875991D34803000F7A914 /* VirtualTouristUITests */,
			);
		};
/* End PBXProject section */

/* Begin PBXResourcesBuildPhase section */
		694875791D34802F00F7A914 /* Resources */ = {
			isa = PBXResourcesBuildPhase;
			buildActionMask = 2147483647;
			files = (
				694875891D34803000F7A914 /* LaunchScreen.storyboard in Resources */,
				694875861D34803000F7A914 /* Assets.xcassets in Resources */,
				694875841D34803000F7A914 /* Main.storyboard in Resources */,
			);
			runOnlyForDeploymentPostprocessing = 0;
		};
		6948758D1D34803000F7A914 /* Resources */ = {
			isa = PBXResourcesBuildPhase;
			buildActionMask = 2147483647;
			files = (
			);
			runOnlyForDeploymentPostprocessing = 0;
		};
		694875981D34803000F7A914 /* Resources */ = {
			isa = PBXResourcesBuildPhase;
			buildActionMask = 2147483647;
			files = (
			);
			runOnlyForDeploymentPostprocessing = 0;
		};
/* End PBXResourcesBuildPhase section */

/* Begin PBXSourcesBuildPhase section */
		694875771D34802F00F7A914 /* Sources */ = {
			isa = PBXSourcesBuildPhase;
			buildActionMask = 2147483647;
			files = (
				6920AF9A1D40779B007D8FEE /* GCDBlackBox.swift in Sources */,
				6920AF941D406C0C007D8FEE /* CoreDataStack.swift in Sources */,
				6920AF8B1D4061A7007D8FEE /* CollectionViewController.swift in Sources */,
				69DF90C51D44582B00CF2E25 /* Pin.swift in Sources */,
				69DF90C41D44582B00CF2E25 /* Pin+CoreDataProperties.swift in Sources */,
				6920AF981D406D64007D8FEE /* FlickrClient.swift in Sources */,
				69DF90C31D44582B00CF2E25 /* Photo.swift in Sources */,
				694875811D34803000F7A914 /* MapViewController.swift in Sources */,
				6948757F1D34803000F7A914 /* AppDelegate.swift in Sources */,
				69DF90C21D44582B00CF2E25 /* Photo+CoreDataProperties.swift in Sources */,
				6920AF961D406D51007D8FEE /* FlickrConstants.swift in Sources */,
				6920AF921D40675D007D8FEE /* Model.xcdatamodeld in Sources */,
			);
			runOnlyForDeploymentPostprocessing = 0;
		};
		6948758B1D34803000F7A914 /* Sources */ = {
			isa = PBXSourcesBuildPhase;
			buildActionMask = 2147483647;
			files = (
				694875941D34803000F7A914 /* VirtualTouristTests.swift in Sources */,
			);
			runOnlyForDeploymentPostprocessing = 0;
		};
		694875961D34803000F7A914 /* Sources */ = {
			isa = PBXSourcesBuildPhase;
			buildActionMask = 2147483647;
			files = (
				6948759F1D34803000F7A914 /* VirtualTouristUITests.swift in Sources */,
			);
			runOnlyForDeploymentPostprocessing = 0;
		};
/* End PBXSourcesBuildPhase section */

/* Begin PBXTargetDependency section */
		694875911D34803000F7A914 /* PBXTargetDependency */ = {
			isa = PBXTargetDependency;
			target = 6948757A1D34802F00F7A914 /* VirtualTourist */;
			targetProxy = 694875901D34803000F7A914 /* PBXContainerItemProxy */;
		};
		6948759C1D34803000F7A914 /* PBXTargetDependency */ = {
			isa = PBXTargetDependency;
			target = 6948757A1D34802F00F7A914 /* VirtualTourist */;
			targetProxy = 6948759B1D34803000F7A914 /* PBXContainerItemProxy */;
		};
/* End PBXTargetDependency section */

/* Begin PBXVariantGroup section */
		694875821D34803000F7A914 /* Main.storyboard */ = {
			isa = PBXVariantGroup;
			children = (
				694875831D34803000F7A914 /* Base */,
			);
			name = Main.storyboard;
			sourceTree = "<group>";
		};
		694875871D34803000F7A914 /* LaunchScreen.storyboard */ = {
			isa = PBXVariantGroup;
			children = (
				694875881D34803000F7A914 /* Base */,
			);
			name = LaunchScreen.storyboard;
			sourceTree = "<group>";
		};
/* End PBXVariantGroup section */

/* Begin XCBuildConfiguration section */
		694875A11D34803000F7A914 /* Debug */ = {
			isa = XCBuildConfiguration;
			buildSettings = {
				ALWAYS_SEARCH_USER_PATHS = NO;
				CLANG_ANALYZER_NONNULL = YES;
				CLANG_CXX_LANGUAGE_STANDARD = "gnu++0x";
				CLANG_CXX_LIBRARY = "libc++";
				CLANG_ENABLE_MODULES = YES;
				CLANG_ENABLE_OBJC_ARC = YES;
				CLANG_WARN_BOOL_CONVERSION = YES;
				CLANG_WARN_CONSTANT_CONVERSION = YES;
				CLANG_WARN_DIRECT_OBJC_ISA_USAGE = YES_ERROR;
				CLANG_WARN_EMPTY_BODY = YES;
				CLANG_WARN_ENUM_CONVERSION = YES;
				CLANG_WARN_INT_CONVERSION = YES;
				CLANG_WARN_OBJC_ROOT_CLASS = YES_ERROR;
				CLANG_WARN_UNREACHABLE_CODE = YES;
				CLANG_WARN__DUPLICATE_METHOD_MATCH = YES;
				"CODE_SIGN_IDENTITY[sdk=iphoneos*]" = "iPhone Developer";
				COPY_PHASE_STRIP = NO;
				DEBUG_INFORMATION_FORMAT = dwarf;
				ENABLE_STRICT_OBJC_MSGSEND = YES;
				ENABLE_TESTABILITY = YES;
				GCC_C_LANGUAGE_STANDARD = gnu99;
				GCC_DYNAMIC_NO_PIC = NO;
				GCC_NO_COMMON_BLOCKS = YES;
				GCC_OPTIMIZATION_LEVEL = 0;
				GCC_PREPROCESSOR_DEFINITIONS = (
					"DEBUG=1",
					"$(inherited)",
				);
				GCC_WARN_64_TO_32_BIT_CONVERSION = YES;
				GCC_WARN_ABOUT_RETURN_TYPE = YES_ERROR;
				GCC_WARN_UNDECLARED_SELECTOR = YES;
				GCC_WARN_UNINITIALIZED_AUTOS = YES_AGGRESSIVE;
				GCC_WARN_UNUSED_FUNCTION = YES;
				GCC_WARN_UNUSED_VARIABLE = YES;
				IPHONEOS_DEPLOYMENT_TARGET = 9.3;
				MTL_ENABLE_DEBUG_INFO = YES;
				ONLY_ACTIVE_ARCH = YES;
				SDKROOT = iphoneos;
				SWIFT_OPTIMIZATION_LEVEL = "-Onone";
				TARGETED_DEVICE_FAMILY = "1,2";
			};
			name = Debug;
		};
		694875A21D34803000F7A914 /* Release */ = {
			isa = XCBuildConfiguration;
			buildSettings = {
				ALWAYS_SEARCH_USER_PATHS = NO;
				CLANG_ANALYZER_NONNULL = YES;
				CLANG_CXX_LANGUAGE_STANDARD = "gnu++0x";
				CLANG_CXX_LIBRARY = "libc++";
				CLANG_ENABLE_MODULES = YES;
				CLANG_ENABLE_OBJC_ARC = YES;
				CLANG_WARN_BOOL_CONVERSION = YES;
				CLANG_WARN_CONSTANT_CONVERSION = YES;
				CLANG_WARN_DIRECT_OBJC_ISA_USAGE = YES_ERROR;
				CLANG_WARN_EMPTY_BODY = YES;
				CLANG_WARN_ENUM_CONVERSION = YES;
				CLANG_WARN_INT_CONVERSION = YES;
				CLANG_WARN_OBJC_ROOT_CLASS = YES_ERROR;
				CLANG_WARN_UNREACHABLE_CODE = YES;
				CLANG_WARN__DUPLICATE_METHOD_MATCH = YES;
				"CODE_SIGN_IDENTITY[sdk=iphoneos*]" = "iPhone Developer";
				COPY_PHASE_STRIP = NO;
				DEBUG_INFORMATION_FORMAT = "dwarf-with-dsym";
				ENABLE_NS_ASSERTIONS = NO;
				ENABLE_STRICT_OBJC_MSGSEND = YES;
				GCC_C_LANGUAGE_STANDARD = gnu99;
				GCC_NO_COMMON_BLOCKS = YES;
				GCC_WARN_64_TO_32_BIT_CONVERSION = YES;
				GCC_WARN_ABOUT_RETURN_TYPE = YES_ERROR;
				GCC_WARN_UNDECLARED_SELECTOR = YES;
				GCC_WARN_UNINITIALIZED_AUTOS = YES_AGGRESSIVE;
				GCC_WARN_UNUSED_FUNCTION = YES;
				GCC_WARN_UNUSED_VARIABLE = YES;
				IPHONEOS_DEPLOYMENT_TARGET = 9.3;
				MTL_ENABLE_DEBUG_INFO = NO;
				SDKROOT = iphoneos;
				TARGETED_DEVICE_FAMILY = "1,2";
				VALIDATE_PRODUCT = YES;
			};
			name = Release;
		};
		694875A41D34803000F7A914 /* Debug */ = {
			isa = XCBuildConfiguration;
			buildSettings = {
				ASSETCATALOG_COMPILER_APPICON_NAME = AppIcon;
				INFOPLIST_FILE = VirtualTourist/Info.plist;
				LD_RUNPATH_SEARCH_PATHS = "$(inherited) @executable_path/Frameworks";
				PRODUCT_BUNDLE_IDENTIFIER = damoniquethomas.VirtualTourist;
				PRODUCT_NAME = "$(TARGET_NAME)";
			};
			name = Debug;
		};
		694875A51D34803000F7A914 /* Release */ = {
			isa = XCBuildConfiguration;
			buildSettings = {
				ASSETCATALOG_COMPILER_APPICON_NAME = AppIcon;
				INFOPLIST_FILE = VirtualTourist/Info.plist;
				LD_RUNPATH_SEARCH_PATHS = "$(inherited) @executable_path/Frameworks";
				PRODUCT_BUNDLE_IDENTIFIER = damoniquethomas.VirtualTourist;
				PRODUCT_NAME = "$(TARGET_NAME)";
			};
			name = Release;
		};
		694875A71D34803000F7A914 /* Debug */ = {
			isa = XCBuildConfiguration;
			buildSettings = {
				BUNDLE_LOADER = "$(TEST_HOST)";
				INFOPLIST_FILE = VirtualTouristTests/Info.plist;
				LD_RUNPATH_SEARCH_PATHS = "$(inherited) @executable_path/Frameworks @loader_path/Frameworks";
				PRODUCT_BUNDLE_IDENTIFIER = damoniquethomas.VirtualTouristTests;
				PRODUCT_NAME = "$(TARGET_NAME)";
				TEST_HOST = "$(BUILT_PRODUCTS_DIR)/VirtualTourist.app/VirtualTourist";
			};
			name = Debug;
		};
		694875A81D34803000F7A914 /* Release */ = {
			isa = XCBuildConfiguration;
			buildSettings = {
				BUNDLE_LOADER = "$(TEST_HOST)";
				INFOPLIST_FILE = VirtualTouristTests/Info.plist;
				LD_RUNPATH_SEARCH_PATHS = "$(inherited) @executable_path/Frameworks @loader_path/Frameworks";
				PRODUCT_BUNDLE_IDENTIFIER = damoniquethomas.VirtualTouristTests;
				PRODUCT_NAME = "$(TARGET_NAME)";
				TEST_HOST = "$(BUILT_PRODUCTS_DIR)/VirtualTourist.app/VirtualTourist";
			};
			name = Release;
		};
		694875AA1D34803000F7A914 /* Debug */ = {
			isa = XCBuildConfiguration;
			buildSettings = {
				INFOPLIST_FILE = VirtualTouristUITests/Info.plist;
				LD_RUNPATH_SEARCH_PATHS = "$(inherited) @executable_path/Frameworks @loader_path/Frameworks";
				PRODUCT_BUNDLE_IDENTIFIER = damoniquethomas.VirtualTouristUITests;
				PRODUCT_NAME = "$(TARGET_NAME)";
				TEST_TARGET_NAME = VirtualTourist;
			};
			name = Debug;
		};
		694875AB1D34803000F7A914 /* Release */ = {
			isa = XCBuildConfiguration;
			buildSettings = {
				INFOPLIST_FILE = VirtualTouristUITests/Info.plist;
				LD_RUNPATH_SEARCH_PATHS = "$(inherited) @executable_path/Frameworks @loader_path/Frameworks";
				PRODUCT_BUNDLE_IDENTIFIER = damoniquethomas.VirtualTouristUITests;
				PRODUCT_NAME = "$(TARGET_NAME)";
				TEST_TARGET_NAME = VirtualTourist;
			};
			name = Release;
		};
/* End XCBuildConfiguration section */

/* Begin XCConfigurationList section */
		694875761D34802F00F7A914 /* Build configuration list for PBXProject "VirtualTourist" */ = {
			isa = XCConfigurationList;
			buildConfigurations = (
				694875A11D34803000F7A914 /* Debug */,
				694875A21D34803000F7A914 /* Release */,
			);
			defaultConfigurationIsVisible = 0;
			defaultConfigurationName = Release;
		};
		694875A31D34803000F7A914 /* Build configuration list for PBXNativeTarget "VirtualTourist" */ = {
			isa = XCConfigurationList;
			buildConfigurations = (
				694875A41D34803000F7A914 /* Debug */,
				694875A51D34803000F7A914 /* Release */,
			);
			defaultConfigurationIsVisible = 0;
			defaultConfigurationName = Release;
		};
		694875A61D34803000F7A914 /* Build configuration list for PBXNativeTarget "VirtualTouristTests" */ = {
			isa = XCConfigurationList;
			buildConfigurations = (
				694875A71D34803000F7A914 /* Debug */,
				694875A81D34803000F7A914 /* Release */,
			);
			defaultConfigurationIsVisible = 0;
			defaultConfigurationName = Release;
		};
		694875A91D34803000F7A914 /* Build configuration list for PBXNativeTarget "VirtualTouristUITests" */ = {
			isa = XCConfigurationList;
			buildConfigurations = (
				694875AA1D34803000F7A914 /* Debug */,
				694875AB1D34803000F7A914 /* Release */,
			);
			defaultConfigurationIsVisible = 0;
			defaultConfigurationName = Release;
		};
/* End XCConfigurationList section */

/* Begin XCVersionGroup section */
		6920AF901D40675D007D8FEE /* Model.xcdatamodeld */ = {
			isa = XCVersionGroup;
			children = (
				6920AF911D40675D007D8FEE /* Model.xcdatamodel */,
			);
			currentVersion = 6920AF911D40675D007D8FEE /* Model.xcdatamodel */;
			path = Model.xcdatamodeld;
			sourceTree = "<group>";
			versionGroupType = wrapper.xcdatamodel;
		};
/* End XCVersionGroup section */
	};
	rootObject = 694875731D34802E00F7A914 /* Project object */;
}
